// !$*UTF8*$!
{
	archiveVersion = 1;
	classes = {
	};
	objectVersion = 51;
	objects = {

/* Begin PBXBuildFile section */
		2D1DE277290919DD00F5EBFE /* TestNativeControlsViewController.m in Sources */ = {isa = PBXBuildFile; fileRef = 2D1DE276290919DD00F5EBFE /* TestNativeControlsViewController.m */; };
		5E3006C9B25E00F9000C2E6C /* libPods-demo.a in Frameworks */ = {isa = PBXBuildFile; fileRef = 163A46A48CB0374763FC98D0 /* libPods-demo.a */; };
		9A497D2F248DF80600396DF7 /* EHFormTableView.m in Sources */ = {isa = PBXBuildFile; fileRef = 9A497D0B248DF80600396DF7 /* EHFormTableView.m */; };
		9A497D30248DF80600396DF7 /* EHFormResources.bundle in Resources */ = {isa = PBXBuildFile; fileRef = 9A497D0D248DF80600396DF7 /* EHFormResources.bundle */; };
		9A497D31248DF80600396DF7 /* EHWhiteRowTableViewCell.m in Sources */ = {isa = PBXBuildFile; fileRef = 9A497D10248DF80600396DF7 /* EHWhiteRowTableViewCell.m */; };
		9A497D32248DF80600396DF7 /* EHPhoneNumberTableViewCell.m in Sources */ = {isa = PBXBuildFile; fileRef = 9A497D14248DF80600396DF7 /* EHPhoneNumberTableViewCell.m */; };
		9A497D33248DF80600396DF7 /* EHPhoneNumberTableViewCell.xib in Resources */ = {isa = PBXBuildFile; fileRef = 9A497D15248DF80600396DF7 /* EHPhoneNumberTableViewCell.xib */; };
		9A497D34248DF80600396DF7 /* EHButtonTableViewCell.m in Sources */ = {isa = PBXBuildFile; fileRef = 9A497D17248DF80600396DF7 /* EHButtonTableViewCell.m */; };
		9A497D35248DF80600396DF7 /* EHFormTableViewCell.m in Sources */ = {isa = PBXBuildFile; fileRef = 9A497D1A248DF80600396DF7 /* EHFormTableViewCell.m */; };
		9A497D36248DF80600396DF7 /* EHSwitchTableViewCell.m in Sources */ = {isa = PBXBuildFile; fileRef = 9A497D1D248DF80600396DF7 /* EHSwitchTableViewCell.m */; };
		9A497D37248DF80600396DF7 /* EHSwitchTableViewCell.xib in Resources */ = {isa = PBXBuildFile; fileRef = 9A497D1E248DF80600396DF7 /* EHSwitchTableViewCell.xib */; };
		9A497D38248DF80600396DF7 /* EHTapTableViewCell.xib in Resources */ = {isa = PBXBuildFile; fileRef = 9A497D22248DF80600396DF7 /* EHTapTableViewCell.xib */; };
		9A497D39248DF80600396DF7 /* EHTapTableViewCell.m in Sources */ = {isa = PBXBuildFile; fileRef = 9A497D23248DF80600396DF7 /* EHTapTableViewCell.m */; };
		9A497D3A248DF80600396DF7 /* EHTextFieldTableViewCell.xib in Resources */ = {isa = PBXBuildFile; fileRef = 9A497D25248DF80600396DF7 /* EHTextFieldTableViewCell.xib */; };
		9A497D3B248DF80600396DF7 /* EHTextFieldTableViewCell.m in Sources */ = {isa = PBXBuildFile; fileRef = 9A497D26248DF80600396DF7 /* EHTextFieldTableViewCell.m */; };
		9A497D3C248DF80600396DF7 /* EHLabelTableViewCell.m in Sources */ = {isa = PBXBuildFile; fileRef = 9A497D2A248DF80600396DF7 /* EHLabelTableViewCell.m */; };
		9A497D3D248DF80600396DF7 /* EHLabelTableViewCell.xib in Resources */ = {isa = PBXBuildFile; fileRef = 9A497D2B248DF80600396DF7 /* EHLabelTableViewCell.xib */; };
		9A497D3E248DF80600396DF7 /* EHFormModel.m in Sources */ = {isa = PBXBuildFile; fileRef = 9A497D2D248DF80600396DF7 /* EHFormModel.m */; };
		9A497D41248DFE4900396DF7 /* App.storyboard in Resources */ = {isa = PBXBuildFile; fileRef = 9A497D40248DFE4900396DF7 /* App.storyboard */; };
		9A497D43248DFE5400396DF7 /* News.storyboard in Resources */ = {isa = PBXBuildFile; fileRef = 9A497D42248DFE5400396DF7 /* News.storyboard */; };
		9A497D45248DFE5C00396DF7 /* Mine.storyboard in Resources */ = {isa = PBXBuildFile; fileRef = 9A497D44248DFE5C00396DF7 /* Mine.storyboard */; };
		9A818E472489E1FD003EC518 /* NSString+ZYExtension.m in Sources */ = {isa = PBXBuildFile; fileRef = 9A818E452489E1FD003EC518 /* NSString+ZYExtension.m */; };
		9A818E4F2489E494003EC518 /* NSDate+ZYExtension.m in Sources */ = {isa = PBXBuildFile; fileRef = 9A818E4D2489E494003EC518 /* NSDate+ZYExtension.m */; };
		9A818E572489E83E003EC518 /* UIViewController+BackButtonHandler.m in Sources */ = {isa = PBXBuildFile; fileRef = 9A818E562489E83E003EC518 /* UIViewController+BackButtonHandler.m */; };
		9A818E5C2489ECD0003EC518 /* ZYUserDefaults.m in Sources */ = {isa = PBXBuildFile; fileRef = 9A818E5B2489ECD0003EC518 /* ZYUserDefaults.m */; };
		9AB554A324A88ACE009B0127 /* StopPopGestureRecognizerViewController.m in Sources */ = {isa = PBXBuildFile; fileRef = 9AB554A224A88ACE009B0127 /* StopPopGestureRecognizerViewController.m */; };
		9ABEC9402497476000DF2C1A /* TestSkillViewController.m in Sources */ = {isa = PBXBuildFile; fileRef = 9ABEC93F2497476000DF2C1A /* TestSkillViewController.m */; };
		9ABEC9452497482C00DF2C1A /* BackButtonHookViewController.m in Sources */ = {isa = PBXBuildFile; fileRef = 9ABEC9442497482C00DF2C1A /* BackButtonHookViewController.m */; };
		9AC0FD0224F7899C006FE6C6 /* ExitViewController.m in Sources */ = {isa = PBXBuildFile; fileRef = 9AC0FD0124F7899B006FE6C6 /* ExitViewController.m */; };
		9AC17151248F69D000F3C594 /* TestZYKitViewController.m in Sources */ = {isa = PBXBuildFile; fileRef = 9AC17150248F69D000F3C594 /* TestZYKitViewController.m */; };
		9AD7A6712488C001000FA565 /* AppDelegate.m in Sources */ = {isa = PBXBuildFile; fileRef = 9AD7A6702488C001000FA565 /* AppDelegate.m */; };
		9AD7A67A2488C001000FA565 /* Main.storyboard in Resources */ = {isa = PBXBuildFile; fileRef = 9AD7A6782488C001000FA565 /* Main.storyboard */; };
		9AD7A67C2488C003000FA565 /* Assets.xcassets in Resources */ = {isa = PBXBuildFile; fileRef = 9AD7A67B2488C003000FA565 /* Assets.xcassets */; };
		9AD7A67F2488C003000FA565 /* LaunchScreen.storyboard in Resources */ = {isa = PBXBuildFile; fileRef = 9AD7A67D2488C003000FA565 /* LaunchScreen.storyboard */; };
		9AD7A6822488C003000FA565 /* main.m in Sources */ = {isa = PBXBuildFile; fileRef = 9AD7A6812488C003000FA565 /* main.m */; };
		9AD7A6C42488D056000FA565 /* MainViewController.m in Sources */ = {isa = PBXBuildFile; fileRef = 9AD7A6C22488D056000FA565 /* MainViewController.m */; };
		9AD7A6C82488D0D8000FA565 /* BaseNavigationController.m in Sources */ = {isa = PBXBuildFile; fileRef = 9AD7A6C72488D0D8000FA565 /* BaseNavigationController.m */; };
		9AD7A70E2488D3C7000FA565 /* AppViewController.m in Sources */ = {isa = PBXBuildFile; fileRef = 9AD7A70C2488D3C7000FA565 /* AppViewController.m */; };
		9AD7A7122488D3EC000FA565 /* BaseViewController.m in Sources */ = {isa = PBXBuildFile; fileRef = 9AD7A7112488D3EC000FA565 /* BaseViewController.m */; };
		9AD7A7162488D459000FA565 /* MineViewController.m in Sources */ = {isa = PBXBuildFile; fileRef = 9AD7A7142488D459000FA565 /* MineViewController.m */; };
		9AD7A71B2488D46F000FA565 /* NewsViewController.m in Sources */ = {isa = PBXBuildFile; fileRef = 9AD7A7192488D46F000FA565 /* NewsViewController.m */; };
		9AD7A7222488D523000FA565 /* BaseTabBarController.m in Sources */ = {isa = PBXBuildFile; fileRef = 9AD7A7212488D523000FA565 /* BaseTabBarController.m */; };
		9AD7A7272488D77A000FA565 /* Images.xcassets in Resources */ = {isa = PBXBuildFile; fileRef = 9AD7A7262488D77A000FA565 /* Images.xcassets */; };
		9AD7A72B2488E261000FA565 /* BaseTitleView.m in Sources */ = {isa = PBXBuildFile; fileRef = 9AD7A72A2488E261000FA565 /* BaseTitleView.m */; };
		9AD7A72D2488E26A000FA565 /* BaseTitleView.xib in Resources */ = {isa = PBXBuildFile; fileRef = 9AD7A72C2488E26A000FA565 /* BaseTitleView.xib */; };
		9AD7A7592488F4A2000FA565 /* UIColor+ZYExtension.m in Sources */ = {isa = PBXBuildFile; fileRef = 9AD7A7582488F4A2000FA565 /* UIColor+ZYExtension.m */; };
		9AD7A75D2488F4A7000FA565 /* UIView+ZYExtension.m in Sources */ = {isa = PBXBuildFile; fileRef = 9AD7A75C2488F4A7000FA565 /* UIView+ZYExtension.m */; };
		9ADA4A2A2491BE3300D3F2E8 /* ApiMap.m in Sources */ = {isa = PBXBuildFile; fileRef = 9ADA4A292491BE3300D3F2E8 /* ApiMap.m */; };
		9ADA4A322491FE8800D3F2E8 /* UIViewDemoViewController.m in Sources */ = {isa = PBXBuildFile; fileRef = 9ADA4A312491FE8800D3F2E8 /* UIViewDemoViewController.m */; };
		9ADA4A36249201CC00D3F2E8 /* UITextFieldDemoViewController.m in Sources */ = {isa = PBXBuildFile; fileRef = 9ADA4A35249201CC00D3F2E8 /* UITextFieldDemoViewController.m */; };
		9ADA4A3C2492145200D3F2E8 /* TestExtremeViewController.m in Sources */ = {isa = PBXBuildFile; fileRef = 9ADA4A3B2492145200D3F2E8 /* TestExtremeViewController.m */; };
		9ADA4A44249215CA00D3F2E8 /* TooLongTitleViewController.m in Sources */ = {isa = PBXBuildFile; fileRef = 9ADA4A43249215CA00D3F2E8 /* TooLongTitleViewController.m */; };
		9ADA4A472492163000D3F2E8 /* TooMuchBarButtonItemViewController.m in Sources */ = {isa = PBXBuildFile; fileRef = 9ADA4A462492163000D3F2E8 /* TooMuchBarButtonItemViewController.m */; };
/* End PBXBuildFile section */

/* Begin PBXFileReference section */
		163A46A48CB0374763FC98D0 /* libPods-demo.a */ = {isa = PBXFileReference; explicitFileType = archive.ar; includeInIndex = 0; path = "libPods-demo.a"; sourceTree = BUILT_PRODUCTS_DIR; };
		2D1DE275290919DD00F5EBFE /* TestNativeControlsViewController.h */ = {isa = PBXFileReference; lastKnownFileType = sourcecode.c.h; path = TestNativeControlsViewController.h; sourceTree = "<group>"; };
		2D1DE276290919DD00F5EBFE /* TestNativeControlsViewController.m */ = {isa = PBXFileReference; lastKnownFileType = sourcecode.c.objc; path = TestNativeControlsViewController.m; sourceTree = "<group>"; };
		6A4D366F5329253B8AF0328F /* Pods-demo.release.xcconfig */ = {isa = PBXFileReference; includeInIndex = 1; lastKnownFileType = text.xcconfig; name = "Pods-demo.release.xcconfig"; path = "Target Support Files/Pods-demo/Pods-demo.release.xcconfig"; sourceTree = "<group>"; };
		6EB90AEA2B53B12E58A9CF4C /* Pods-demo.debug.xcconfig */ = {isa = PBXFileReference; includeInIndex = 1; lastKnownFileType = text.xcconfig; name = "Pods-demo.debug.xcconfig"; path = "Target Support Files/Pods-demo/Pods-demo.debug.xcconfig"; sourceTree = "<group>"; };
		9A497D0A248DF80600396DF7 /* EHFormTableView.h */ = {isa = PBXFileReference; fileEncoding = 4; lastKnownFileType = sourcecode.c.h; path = EHFormTableView.h; sourceTree = "<group>"; };
		9A497D0B248DF80600396DF7 /* EHFormTableView.m */ = {isa = PBXFileReference; fileEncoding = 4; lastKnownFileType = sourcecode.c.objc; path = EHFormTableView.m; sourceTree = "<group>"; };
		9A497D0D248DF80600396DF7 /* EHFormResources.bundle */ = {isa = PBXFileReference; lastKnownFileType = "wrapper.plug-in"; path = EHFormResources.bundle; sourceTree = "<group>"; };
		9A497D10248DF80600396DF7 /* EHWhiteRowTableViewCell.m */ = {isa = PBXFileReference; fileEncoding = 4; lastKnownFileType = sourcecode.c.objc; path = EHWhiteRowTableViewCell.m; sourceTree = "<group>"; };
		9A497D11248DF80600396DF7 /* EHWhiteRowTableViewCell.h */ = {isa = PBXFileReference; fileEncoding = 4; lastKnownFileType = sourcecode.c.h; path = EHWhiteRowTableViewCell.h; sourceTree = "<group>"; };
		9A497D13248DF80600396DF7 /* EHPhoneNumberTableViewCell.h */ = {isa = PBXFileReference; fileEncoding = 4; lastKnownFileType = sourcecode.c.h; path = EHPhoneNumberTableViewCell.h; sourceTree = "<group>"; };
		9A497D14248DF80600396DF7 /* EHPhoneNumberTableViewCell.m */ = {isa = PBXFileReference; fileEncoding = 4; lastKnownFileType = sourcecode.c.objc; path = EHPhoneNumberTableViewCell.m; sourceTree = "<group>"; };
		9A497D15248DF80600396DF7 /* EHPhoneNumberTableViewCell.xib */ = {isa = PBXFileReference; fileEncoding = 4; lastKnownFileType = file.xib; path = EHPhoneNumberTableViewCell.xib; sourceTree = "<group>"; };
		9A497D17248DF80600396DF7 /* EHButtonTableViewCell.m */ = {isa = PBXFileReference; fileEncoding = 4; lastKnownFileType = sourcecode.c.objc; path = EHButtonTableViewCell.m; sourceTree = "<group>"; };
		9A497D18248DF80600396DF7 /* EHButtonTableViewCell.h */ = {isa = PBXFileReference; fileEncoding = 4; lastKnownFileType = sourcecode.c.h; path = EHButtonTableViewCell.h; sourceTree = "<group>"; };
		9A497D1A248DF80600396DF7 /* EHFormTableViewCell.m */ = {isa = PBXFileReference; fileEncoding = 4; lastKnownFileType = sourcecode.c.objc; path = EHFormTableViewCell.m; sourceTree = "<group>"; };
		9A497D1B248DF80600396DF7 /* EHFormTableViewCell.h */ = {isa = PBXFileReference; fileEncoding = 4; lastKnownFileType = sourcecode.c.h; path = EHFormTableViewCell.h; sourceTree = "<group>"; };
		9A497D1D248DF80600396DF7 /* EHSwitchTableViewCell.m */ = {isa = PBXFileReference; fileEncoding = 4; lastKnownFileType = sourcecode.c.objc; path = EHSwitchTableViewCell.m; sourceTree = "<group>"; };
		9A497D1E248DF80600396DF7 /* EHSwitchTableViewCell.xib */ = {isa = PBXFileReference; fileEncoding = 4; lastKnownFileType = file.xib; path = EHSwitchTableViewCell.xib; sourceTree = "<group>"; };
		9A497D1F248DF80600396DF7 /* EHSwitchTableViewCell.h */ = {isa = PBXFileReference; fileEncoding = 4; lastKnownFileType = sourcecode.c.h; path = EHSwitchTableViewCell.h; sourceTree = "<group>"; };
		9A497D21248DF80600396DF7 /* EHTapTableViewCell.h */ = {isa = PBXFileReference; fileEncoding = 4; lastKnownFileType = sourcecode.c.h; path = EHTapTableViewCell.h; sourceTree = "<group>"; };
		9A497D22248DF80600396DF7 /* EHTapTableViewCell.xib */ = {isa = PBXFileReference; fileEncoding = 4; lastKnownFileType = file.xib; path = EHTapTableViewCell.xib; sourceTree = "<group>"; };
		9A497D23248DF80600396DF7 /* EHTapTableViewCell.m */ = {isa = PBXFileReference; fileEncoding = 4; lastKnownFileType = sourcecode.c.objc; path = EHTapTableViewCell.m; sourceTree = "<group>"; };
		9A497D25248DF80600396DF7 /* EHTextFieldTableViewCell.xib */ = {isa = PBXFileReference; fileEncoding = 4; lastKnownFileType = file.xib; path = EHTextFieldTableViewCell.xib; sourceTree = "<group>"; };
		9A497D26248DF80600396DF7 /* EHTextFieldTableViewCell.m */ = {isa = PBXFileReference; fileEncoding = 4; lastKnownFileType = sourcecode.c.objc; path = EHTextFieldTableViewCell.m; sourceTree = "<group>"; };
		9A497D27248DF80600396DF7 /* EHTextFieldTableViewCell.h */ = {isa = PBXFileReference; fileEncoding = 4; lastKnownFileType = sourcecode.c.h; path = EHTextFieldTableViewCell.h; sourceTree = "<group>"; };
		9A497D29248DF80600396DF7 /* EHLabelTableViewCell.h */ = {isa = PBXFileReference; fileEncoding = 4; lastKnownFileType = sourcecode.c.h; path = EHLabelTableViewCell.h; sourceTree = "<group>"; };
		9A497D2A248DF80600396DF7 /* EHLabelTableViewCell.m */ = {isa = PBXFileReference; fileEncoding = 4; lastKnownFileType = sourcecode.c.objc; path = EHLabelTableViewCell.m; sourceTree = "<group>"; };
		9A497D2B248DF80600396DF7 /* EHLabelTableViewCell.xib */ = {isa = PBXFileReference; fileEncoding = 4; lastKnownFileType = file.xib; path = EHLabelTableViewCell.xib; sourceTree = "<group>"; };
		9A497D2D248DF80600396DF7 /* EHFormModel.m */ = {isa = PBXFileReference; fileEncoding = 4; lastKnownFileType = sourcecode.c.objc; path = EHFormModel.m; sourceTree = "<group>"; };
		9A497D2E248DF80600396DF7 /* EHFormModel.h */ = {isa = PBXFileReference; fileEncoding = 4; lastKnownFileType = sourcecode.c.h; path = EHFormModel.h; sourceTree = "<group>"; };
		9A497D40248DFE4900396DF7 /* App.storyboard */ = {isa = PBXFileReference; lastKnownFileType = file.storyboard; path = App.storyboard; sourceTree = "<group>"; };
		9A497D42248DFE5400396DF7 /* News.storyboard */ = {isa = PBXFileReference; lastKnownFileType = file.storyboard; path = News.storyboard; sourceTree = "<group>"; };
		9A497D44248DFE5C00396DF7 /* Mine.storyboard */ = {isa = PBXFileReference; lastKnownFileType = file.storyboard; path = Mine.storyboard; sourceTree = "<group>"; };
		9A818E452489E1FD003EC518 /* NSString+ZYExtension.m */ = {isa = PBXFileReference; fileEncoding = 4; lastKnownFileType = sourcecode.c.objc; path = "NSString+ZYExtension.m"; sourceTree = "<group>"; };
		9A818E462489E1FD003EC518 /* NSString+ZYExtension.h */ = {isa = PBXFileReference; fileEncoding = 4; lastKnownFileType = sourcecode.c.h; path = "NSString+ZYExtension.h"; sourceTree = "<group>"; };
		9A818E4D2489E494003EC518 /* NSDate+ZYExtension.m */ = {isa = PBXFileReference; fileEncoding = 4; lastKnownFileType = sourcecode.c.objc; path = "NSDate+ZYExtension.m"; sourceTree = "<group>"; };
		9A818E4E2489E494003EC518 /* NSDate+ZYExtension.h */ = {isa = PBXFileReference; fileEncoding = 4; lastKnownFileType = sourcecode.c.h; path = "NSDate+ZYExtension.h"; sourceTree = "<group>"; };
		9A818E552489E83E003EC518 /* UIViewController+BackButtonHandler.h */ = {isa = PBXFileReference; lastKnownFileType = sourcecode.c.h; path = "UIViewController+BackButtonHandler.h"; sourceTree = "<group>"; };
		9A818E562489E83E003EC518 /* UIViewController+BackButtonHandler.m */ = {isa = PBXFileReference; lastKnownFileType = sourcecode.c.objc; path = "UIViewController+BackButtonHandler.m"; sourceTree = "<group>"; };
		9A818E5A2489ECD0003EC518 /* ZYUserDefaults.h */ = {isa = PBXFileReference; fileEncoding = 4; lastKnownFileType = sourcecode.c.h; path = ZYUserDefaults.h; sourceTree = "<group>"; };
		9A818E5B2489ECD0003EC518 /* ZYUserDefaults.m */ = {isa = PBXFileReference; fileEncoding = 4; lastKnownFileType = sourcecode.c.objc; path = ZYUserDefaults.m; sourceTree = "<group>"; };
		9AB554A124A88ACE009B0127 /* StopPopGestureRecognizerViewController.h */ = {isa = PBXFileReference; lastKnownFileType = sourcecode.c.h; path = StopPopGestureRecognizerViewController.h; sourceTree = "<group>"; };
		9AB554A224A88ACE009B0127 /* StopPopGestureRecognizerViewController.m */ = {isa = PBXFileReference; lastKnownFileType = sourcecode.c.objc; path = StopPopGestureRecognizerViewController.m; sourceTree = "<group>"; };
		9ABEC93E2497476000DF2C1A /* TestSkillViewController.h */ = {isa = PBXFileReference; lastKnownFileType = sourcecode.c.h; path = TestSkillViewController.h; sourceTree = "<group>"; };
		9ABEC93F2497476000DF2C1A /* TestSkillViewController.m */ = {isa = PBXFileReference; lastKnownFileType = sourcecode.c.objc; path = TestSkillViewController.m; sourceTree = "<group>"; };
		9ABEC9432497482C00DF2C1A /* BackButtonHookViewController.h */ = {isa = PBXFileReference; lastKnownFileType = sourcecode.c.h; path = BackButtonHookViewController.h; sourceTree = "<group>"; };
		9ABEC9442497482C00DF2C1A /* BackButtonHookViewController.m */ = {isa = PBXFileReference; lastKnownFileType = sourcecode.c.objc; path = BackButtonHookViewController.m; sourceTree = "<group>"; };
		9AC0FD0024F7899B006FE6C6 /* ExitViewController.h */ = {isa = PBXFileReference; lastKnownFileType = sourcecode.c.h; path = ExitViewController.h; sourceTree = "<group>"; };
		9AC0FD0124F7899B006FE6C6 /* ExitViewController.m */ = {isa = PBXFileReference; lastKnownFileType = sourcecode.c.objc; path = ExitViewController.m; sourceTree = "<group>"; };
		9AC1714F248F69D000F3C594 /* TestZYKitViewController.h */ = {isa = PBXFileReference; lastKnownFileType = sourcecode.c.h; path = TestZYKitViewController.h; sourceTree = "<group>"; };
		9AC17150248F69D000F3C594 /* TestZYKitViewController.m */ = {isa = PBXFileReference; lastKnownFileType = sourcecode.c.objc; path = TestZYKitViewController.m; sourceTree = "<group>"; };
		9AD7A66C2488C001000FA565 /* demo.app */ = {isa = PBXFileReference; explicitFileType = wrapper.application; includeInIndex = 0; path = demo.app; sourceTree = BUILT_PRODUCTS_DIR; };
		9AD7A66F2488C001000FA565 /* AppDelegate.h */ = {isa = PBXFileReference; lastKnownFileType = sourcecode.c.h; path = AppDelegate.h; sourceTree = "<group>"; };
		9AD7A6702488C001000FA565 /* AppDelegate.m */ = {isa = PBXFileReference; lastKnownFileType = sourcecode.c.objc; path = AppDelegate.m; sourceTree = "<group>"; };
		9AD7A6792488C001000FA565 /* Base */ = {isa = PBXFileReference; lastKnownFileType = file.storyboard; name = Base; path = Base.lproj/Main.storyboard; sourceTree = "<group>"; };
		9AD7A67B2488C003000FA565 /* Assets.xcassets */ = {isa = PBXFileReference; lastKnownFileType = folder.assetcatalog; path = Assets.xcassets; sourceTree = "<group>"; };
		9AD7A67E2488C003000FA565 /* Base */ = {isa = PBXFileReference; lastKnownFileType = file.storyboard; name = Base; path = Base.lproj/LaunchScreen.storyboard; sourceTree = "<group>"; };
		9AD7A6802488C003000FA565 /* Info.plist */ = {isa = PBXFileReference; lastKnownFileType = text.plist.xml; path = Info.plist; sourceTree = "<group>"; };
		9AD7A6812488C003000FA565 /* main.m */ = {isa = PBXFileReference; lastKnownFileType = sourcecode.c.objc; path = main.m; sourceTree = "<group>"; };
		9AD7A6C12488D056000FA565 /* MainViewController.h */ = {isa = PBXFileReference; lastKnownFileType = sourcecode.c.h; path = MainViewController.h; sourceTree = "<group>"; };
		9AD7A6C22488D056000FA565 /* MainViewController.m */ = {isa = PBXFileReference; lastKnownFileType = sourcecode.c.objc; path = MainViewController.m; sourceTree = "<group>"; };
		9AD7A6C62488D0D8000FA565 /* BaseNavigationController.h */ = {isa = PBXFileReference; lastKnownFileType = sourcecode.c.h; path = BaseNavigationController.h; sourceTree = "<group>"; };
		9AD7A6C72488D0D8000FA565 /* BaseNavigationController.m */ = {isa = PBXFileReference; lastKnownFileType = sourcecode.c.objc; path = BaseNavigationController.m; sourceTree = "<group>"; };
		9AD7A70B2488D3C7000FA565 /* AppViewController.h */ = {isa = PBXFileReference; lastKnownFileType = sourcecode.c.h; path = AppViewController.h; sourceTree = "<group>"; };
		9AD7A70C2488D3C7000FA565 /* AppViewController.m */ = {isa = PBXFileReference; lastKnownFileType = sourcecode.c.objc; path = AppViewController.m; sourceTree = "<group>"; };
		9AD7A7102488D3EC000FA565 /* BaseViewController.h */ = {isa = PBXFileReference; lastKnownFileType = sourcecode.c.h; path = BaseViewController.h; sourceTree = "<group>"; };
		9AD7A7112488D3EC000FA565 /* BaseViewController.m */ = {isa = PBXFileReference; lastKnownFileType = sourcecode.c.objc; path = BaseViewController.m; sourceTree = "<group>"; };
		9AD7A7132488D459000FA565 /* MineViewController.h */ = {isa = PBXFileReference; lastKnownFileType = sourcecode.c.h; path = MineViewController.h; sourceTree = "<group>"; };
		9AD7A7142488D459000FA565 /* MineViewController.m */ = {isa = PBXFileReference; lastKnownFileType = sourcecode.c.objc; path = MineViewController.m; sourceTree = "<group>"; };
		9AD7A7182488D46F000FA565 /* NewsViewController.h */ = {isa = PBXFileReference; lastKnownFileType = sourcecode.c.h; path = NewsViewController.h; sourceTree = "<group>"; };
		9AD7A7192488D46F000FA565 /* NewsViewController.m */ = {isa = PBXFileReference; lastKnownFileType = sourcecode.c.objc; path = NewsViewController.m; sourceTree = "<group>"; };
		9AD7A7202488D523000FA565 /* BaseTabBarController.h */ = {isa = PBXFileReference; lastKnownFileType = sourcecode.c.h; path = BaseTabBarController.h; sourceTree = "<group>"; };
		9AD7A7212488D523000FA565 /* BaseTabBarController.m */ = {isa = PBXFileReference; lastKnownFileType = sourcecode.c.objc; path = BaseTabBarController.m; sourceTree = "<group>"; };
		9AD7A7262488D77A000FA565 /* Images.xcassets */ = {isa = PBXFileReference; lastKnownFileType = folder.assetcatalog; path = Images.xcassets; sourceTree = "<group>"; };
		9AD7A7292488E261000FA565 /* BaseTitleView.h */ = {isa = PBXFileReference; lastKnownFileType = sourcecode.c.h; path = BaseTitleView.h; sourceTree = "<group>"; };
		9AD7A72A2488E261000FA565 /* BaseTitleView.m */ = {isa = PBXFileReference; lastKnownFileType = sourcecode.c.objc; path = BaseTitleView.m; sourceTree = "<group>"; };
		9AD7A72C2488E26A000FA565 /* BaseTitleView.xib */ = {isa = PBXFileReference; lastKnownFileType = file.xib; path = BaseTitleView.xib; sourceTree = "<group>"; };
		9AD7A72E2488E596000FA565 /* PrefixHeader.pch */ = {isa = PBXFileReference; lastKnownFileType = sourcecode.c.h; path = PrefixHeader.pch; sourceTree = "<group>"; };
		9AD7A7572488F4A2000FA565 /* UIColor+ZYExtension.h */ = {isa = PBXFileReference; fileEncoding = 4; lastKnownFileType = sourcecode.c.h; path = "UIColor+ZYExtension.h"; sourceTree = "<group>"; };
		9AD7A7582488F4A2000FA565 /* UIColor+ZYExtension.m */ = {isa = PBXFileReference; fileEncoding = 4; lastKnownFileType = sourcecode.c.objc; path = "UIColor+ZYExtension.m"; sourceTree = "<group>"; };
		9AD7A75B2488F4A7000FA565 /* UIView+ZYExtension.h */ = {isa = PBXFileReference; fileEncoding = 4; lastKnownFileType = sourcecode.c.h; path = "UIView+ZYExtension.h"; sourceTree = "<group>"; };
		9AD7A75C2488F4A7000FA565 /* UIView+ZYExtension.m */ = {isa = PBXFileReference; fileEncoding = 4; lastKnownFileType = sourcecode.c.objc; path = "UIView+ZYExtension.m"; sourceTree = "<group>"; };
		9ADA4A282491BE3300D3F2E8 /* ApiMap.h */ = {isa = PBXFileReference; lastKnownFileType = sourcecode.c.h; path = ApiMap.h; sourceTree = "<group>"; };
		9ADA4A292491BE3300D3F2E8 /* ApiMap.m */ = {isa = PBXFileReference; lastKnownFileType = sourcecode.c.objc; path = ApiMap.m; sourceTree = "<group>"; };
		9ADA4A302491FE8800D3F2E8 /* UIViewDemoViewController.h */ = {isa = PBXFileReference; lastKnownFileType = sourcecode.c.h; path = UIViewDemoViewController.h; sourceTree = "<group>"; };
		9ADA4A312491FE8800D3F2E8 /* UIViewDemoViewController.m */ = {isa = PBXFileReference; lastKnownFileType = sourcecode.c.objc; path = UIViewDemoViewController.m; sourceTree = "<group>"; };
		9ADA4A34249201CC00D3F2E8 /* UITextFieldDemoViewController.h */ = {isa = PBXFileReference; lastKnownFileType = sourcecode.c.h; path = UITextFieldDemoViewController.h; sourceTree = "<group>"; };
		9ADA4A35249201CC00D3F2E8 /* UITextFieldDemoViewController.m */ = {isa = PBXFileReference; lastKnownFileType = sourcecode.c.objc; path = UITextFieldDemoViewController.m; sourceTree = "<group>"; };
		9ADA4A3A2492145100D3F2E8 /* TestExtremeViewController.h */ = {isa = PBXFileReference; lastKnownFileType = sourcecode.c.h; path = TestExtremeViewController.h; sourceTree = "<group>"; };
		9ADA4A3B2492145200D3F2E8 /* TestExtremeViewController.m */ = {isa = PBXFileReference; lastKnownFileType = sourcecode.c.objc; path = TestExtremeViewController.m; sourceTree = "<group>"; };
		9ADA4A42249215CA00D3F2E8 /* TooLongTitleViewController.h */ = {isa = PBXFileReference; lastKnownFileType = sourcecode.c.h; path = TooLongTitleViewController.h; sourceTree = "<group>"; };
		9ADA4A43249215CA00D3F2E8 /* TooLongTitleViewController.m */ = {isa = PBXFileReference; lastKnownFileType = sourcecode.c.objc; path = TooLongTitleViewController.m; sourceTree = "<group>"; };
		9ADA4A452492163000D3F2E8 /* TooMuchBarButtonItemViewController.h */ = {isa = PBXFileReference; lastKnownFileType = sourcecode.c.h; path = TooMuchBarButtonItemViewController.h; sourceTree = "<group>"; };
		9ADA4A462492163000D3F2E8 /* TooMuchBarButtonItemViewController.m */ = {isa = PBXFileReference; lastKnownFileType = sourcecode.c.objc; path = TooMuchBarButtonItemViewController.m; sourceTree = "<group>"; };
/* End PBXFileReference section */

/* Begin PBXFrameworksBuildPhase section */
		9AD7A6692488C001000FA565 /* Frameworks */ = {
			isa = PBXFrameworksBuildPhase;
			buildActionMask = 2147483647;
			files = (
				5E3006C9B25E00F9000C2E6C /* libPods-demo.a in Frameworks */,
			);
			runOnlyForDeploymentPostprocessing = 0;
		};
/* End PBXFrameworksBuildPhase section */

/* Begin PBXGroup section */
		9A497D08248DF80600396DF7 /* EHFormKit */ = {
			isa = PBXGroup;
			children = (
				9A497D09248DF80600396DF7 /* TableView */,
				9A497D0C248DF80600396DF7 /* Resources */,
				9A497D0E248DF80600396DF7 /* Cell */,
				9A497D2C248DF80600396DF7 /* Model */,
			);
			path = EHFormKit;
			sourceTree = "<group>";
		};
		9A497D09248DF80600396DF7 /* TableView */ = {
			isa = PBXGroup;
			children = (
				9A497D0A248DF80600396DF7 /* EHFormTableView.h */,
				9A497D0B248DF80600396DF7 /* EHFormTableView.m */,
			);
			path = TableView;
			sourceTree = "<group>";
		};
		9A497D0C248DF80600396DF7 /* Resources */ = {
			isa = PBXGroup;
			children = (
				9A497D0D248DF80600396DF7 /* EHFormResources.bundle */,
			);
			path = Resources;
			sourceTree = "<group>";
		};
		9A497D0E248DF80600396DF7 /* Cell */ = {
			isa = PBXGroup;
			children = (
				9A497D0F248DF80600396DF7 /* EHWhiteRowTableViewCell */,
				9A497D12248DF80600396DF7 /* EHPhoneNumberTableViewCell */,
				9A497D16248DF80600396DF7 /* EHButtonTableViewCell */,
				9A497D19248DF80600396DF7 /* EHFormTableViewCell */,
				9A497D1C248DF80600396DF7 /* EHSwitchTableViewCell */,
				9A497D20248DF80600396DF7 /* EHTapTableViewCell */,
				9A497D24248DF80600396DF7 /* EHTextFieldTableViewCell */,
				9A497D28248DF80600396DF7 /* EHLabelTableViewCell */,
			);
			path = Cell;
			sourceTree = "<group>";
		};
		9A497D0F248DF80600396DF7 /* EHWhiteRowTableViewCell */ = {
			isa = PBXGroup;
			children = (
				9A497D10248DF80600396DF7 /* EHWhiteRowTableViewCell.m */,
				9A497D11248DF80600396DF7 /* EHWhiteRowTableViewCell.h */,
			);
			path = EHWhiteRowTableViewCell;
			sourceTree = "<group>";
		};
		9A497D12248DF80600396DF7 /* EHPhoneNumberTableViewCell */ = {
			isa = PBXGroup;
			children = (
				9A497D13248DF80600396DF7 /* EHPhoneNumberTableViewCell.h */,
				9A497D14248DF80600396DF7 /* EHPhoneNumberTableViewCell.m */,
				9A497D15248DF80600396DF7 /* EHPhoneNumberTableViewCell.xib */,
			);
			path = EHPhoneNumberTableViewCell;
			sourceTree = "<group>";
		};
		9A497D16248DF80600396DF7 /* EHButtonTableViewCell */ = {
			isa = PBXGroup;
			children = (
				9A497D17248DF80600396DF7 /* EHButtonTableViewCell.m */,
				9A497D18248DF80600396DF7 /* EHButtonTableViewCell.h */,
			);
			path = EHButtonTableViewCell;
			sourceTree = "<group>";
		};
		9A497D19248DF80600396DF7 /* EHFormTableViewCell */ = {
			isa = PBXGroup;
			children = (
				9A497D1A248DF80600396DF7 /* EHFormTableViewCell.m */,
				9A497D1B248DF80600396DF7 /* EHFormTableViewCell.h */,
			);
			path = EHFormTableViewCell;
			sourceTree = "<group>";
		};
		9A497D1C248DF80600396DF7 /* EHSwitchTableViewCell */ = {
			isa = PBXGroup;
			children = (
				9A497D1D248DF80600396DF7 /* EHSwitchTableViewCell.m */,
				9A497D1E248DF80600396DF7 /* EHSwitchTableViewCell.xib */,
				9A497D1F248DF80600396DF7 /* EHSwitchTableViewCell.h */,
			);
			path = EHSwitchTableViewCell;
			sourceTree = "<group>";
		};
		9A497D20248DF80600396DF7 /* EHTapTableViewCell */ = {
			isa = PBXGroup;
			children = (
				9A497D21248DF80600396DF7 /* EHTapTableViewCell.h */,
				9A497D22248DF80600396DF7 /* EHTapTableViewCell.xib */,
				9A497D23248DF80600396DF7 /* EHTapTableViewCell.m */,
			);
			path = EHTapTableViewCell;
			sourceTree = "<group>";
		};
		9A497D24248DF80600396DF7 /* EHTextFieldTableViewCell */ = {
			isa = PBXGroup;
			children = (
				9A497D25248DF80600396DF7 /* EHTextFieldTableViewCell.xib */,
				9A497D26248DF80600396DF7 /* EHTextFieldTableViewCell.m */,
				9A497D27248DF80600396DF7 /* EHTextFieldTableViewCell.h */,
			);
			path = EHTextFieldTableViewCell;
			sourceTree = "<group>";
		};
		9A497D28248DF80600396DF7 /* EHLabelTableViewCell */ = {
			isa = PBXGroup;
			children = (
				9A497D29248DF80600396DF7 /* EHLabelTableViewCell.h */,
				9A497D2A248DF80600396DF7 /* EHLabelTableViewCell.m */,
				9A497D2B248DF80600396DF7 /* EHLabelTableViewCell.xib */,
			);
			path = EHLabelTableViewCell;
			sourceTree = "<group>";
		};
		9A497D2C248DF80600396DF7 /* Model */ = {
			isa = PBXGroup;
			children = (
				9A497D2D248DF80600396DF7 /* EHFormModel.m */,
				9A497D2E248DF80600396DF7 /* EHFormModel.h */,
			);
			path = Model;
			sourceTree = "<group>";
		};
		9A497D3F248DFE2A00396DF7 /* Storyboard */ = {
			isa = PBXGroup;
			children = (
				9AD7A6782488C001000FA565 /* Main.storyboard */,
				9A497D40248DFE4900396DF7 /* App.storyboard */,
				9A497D42248DFE5400396DF7 /* News.storyboard */,
				9A497D44248DFE5C00396DF7 /* Mine.storyboard */,
			);
			path = Storyboard;
			sourceTree = "<group>";
		};
		9A818E442489E1FD003EC518 /* NSString+ZYExtension */ = {
			isa = PBXGroup;
			children = (
				9A818E452489E1FD003EC518 /* NSString+ZYExtension.m */,
				9A818E462489E1FD003EC518 /* NSString+ZYExtension.h */,
			);
			path = "NSString+ZYExtension";
			sourceTree = "<group>";
		};
		9A818E4C2489E494003EC518 /* NSDate+ZYExtension */ = {
			isa = PBXGroup;
			children = (
				9A818E4E2489E494003EC518 /* NSDate+ZYExtension.h */,
				9A818E4D2489E494003EC518 /* NSDate+ZYExtension.m */,
			);
			path = "NSDate+ZYExtension";
			sourceTree = "<group>";
		};
		9A818E502489E680003EC518 /* Util */ = {
			isa = PBXGroup;
			children = (
				9A818E592489ECD0003EC518 /* ZYUserDefaults */,
			);
			path = Util;
			sourceTree = "<group>";
		};
		9A818E512489E695003EC518 /* Category */ = {
			isa = PBXGroup;
			children = (
				9A818E4C2489E494003EC518 /* NSDate+ZYExtension */,
				9A818E442489E1FD003EC518 /* NSString+ZYExtension */,
				9AD7A75A2488F4A7000FA565 /* UIView+ZYExtension */,
				9AD7A7562488F4A2000FA565 /* UIColor+ZYExtension */,
			);
			path = Category;
			sourceTree = "<group>";
		};
		9A818E582489E844003EC518 /* UIViewController+BackButtonHandler */ = {
			isa = PBXGroup;
			children = (
				9A818E552489E83E003EC518 /* UIViewController+BackButtonHandler.h */,
				9A818E562489E83E003EC518 /* UIViewController+BackButtonHandler.m */,
			);
			path = "UIViewController+BackButtonHandler";
			sourceTree = "<group>";
		};
		9A818E592489ECD0003EC518 /* ZYUserDefaults */ = {
			isa = PBXGroup;
			children = (
				9A818E5A2489ECD0003EC518 /* ZYUserDefaults.h */,
				9A818E5B2489ECD0003EC518 /* ZYUserDefaults.m */,
			);
			path = ZYUserDefaults;
			sourceTree = "<group>";
		};
		9A818E68248A04F9003EC518 /* Components */ = {
			isa = PBXGroup;
			children = (
				9A497D08248DF80600396DF7 /* EHFormKit */,
			);
			path = Components;
			sourceTree = "<group>";
		};
		9AB554A024A88A96009B0127 /* 禁用某页面的返回手势 */ = {
			isa = PBXGroup;
			children = (
				9AB554A124A88ACE009B0127 /* StopPopGestureRecognizerViewController.h */,
				9AB554A224A88ACE009B0127 /* StopPopGestureRecognizerViewController.m */,
			);
			path = "禁用某页面的返回手势";
			sourceTree = "<group>";
		};
		9ABEC941249747F700DF2C1A /* 功能 */ = {
			isa = PBXGroup;
			children = (
				9AC0FCFF24F78987006FE6C6 /* 退出程序 */,
				9AB554A024A88A96009B0127 /* 禁用某页面的返回手势 */,
				9ABEC9422497480E00DF2C1A /* 返回按钮拦截 */,
			);
			path = "功能";
			sourceTree = "<group>";
		};
		9ABEC9422497480E00DF2C1A /* 返回按钮拦截 */ = {
			isa = PBXGroup;
			children = (
				9ABEC9432497482C00DF2C1A /* BackButtonHookViewController.h */,
				9ABEC9442497482C00DF2C1A /* BackButtonHookViewController.m */,
			);
			path = "返回按钮拦截";
			sourceTree = "<group>";
		};
		9AC0FCFF24F78987006FE6C6 /* 退出程序 */ = {
			isa = PBXGroup;
			children = (
				9AC0FD0024F7899B006FE6C6 /* ExitViewController.h */,
				9AC0FD0124F7899B006FE6C6 /* ExitViewController.m */,
			);
			path = "退出程序";
			sourceTree = "<group>";
		};
		9AD7A6632488C001000FA565 = {
			isa = PBXGroup;
			children = (
				9AD7A66E2488C001000FA565 /* demo */,
				9AD7A66D2488C001000FA565 /* Products */,
				B1777628E2B6FA833057D8F6 /* Pods */,
				DC29BA72B075B0C945F3D03E /* Frameworks */,
			);
			sourceTree = "<group>";
		};
		9AD7A66D2488C001000FA565 /* Products */ = {
			isa = PBXGroup;
			children = (
				9AD7A66C2488C001000FA565 /* demo.app */,
			);
			name = Products;
			sourceTree = "<group>";
		};
		9AD7A66E2488C001000FA565 /* demo */ = {
			isa = PBXGroup;
			children = (
				9AD7A6B22488CB4E000FA565 /* app */,
				9AD7A7232488D5F1000FA565 /* Supporting Files */,
			);
			path = demo;
			sourceTree = "<group>";
		};
		9AD7A6B22488CB4E000FA565 /* app */ = {
			isa = PBXGroup;
			children = (
				9A497D3F248DFE2A00396DF7 /* Storyboard */,
				9AD7A6B52488CD71000FA565 /* Base */,
				9AD7A6B42488CB78000FA565 /* Tools */,
				9AD7A6B32488CB70000FA565 /* Pages */,
			);
			path = app;
			sourceTree = "<group>";
		};
		9AD7A6B32488CB70000FA565 /* Pages */ = {
			isa = PBXGroup;
			children = (
				9AD7A6EA2488D271000FA565 /* 新闻 */,
				9AD7A6E92488D26A000FA565 /* 我的 */,
				9AD7A6E82488D25F000FA565 /* 应用 */,
				9AD7A6B62488CF7B000FA565 /* 首页 */,
			);
			path = Pages;
			sourceTree = "<group>";
		};
		9AD7A6B42488CB78000FA565 /* Tools */ = {
			isa = PBXGroup;
			children = (
				9ADA4A272491BE1D00D3F2E8 /* Api */,
				9AD7A7552488F48A000FA565 /* Category */,
				9AD7A6C92488D1F2000FA565 /* ZYKit */,
			);
			path = Tools;
			sourceTree = "<group>";
		};
		9AD7A6B52488CD71000FA565 /* Base */ = {
			isa = PBXGroup;
			children = (
				9AD7A6C62488D0D8000FA565 /* BaseNavigationController.h */,
				9AD7A6C72488D0D8000FA565 /* BaseNavigationController.m */,
				9AD7A7102488D3EC000FA565 /* BaseViewController.h */,
				9AD7A7112488D3EC000FA565 /* BaseViewController.m */,
				9AD7A7202488D523000FA565 /* BaseTabBarController.h */,
				9AD7A7212488D523000FA565 /* BaseTabBarController.m */,
				9AD7A7292488E261000FA565 /* BaseTitleView.h */,
				9AD7A72A2488E261000FA565 /* BaseTitleView.m */,
				9AD7A72C2488E26A000FA565 /* BaseTitleView.xib */,
			);
			path = Base;
			sourceTree = "<group>";
		};
		9AD7A6B62488CF7B000FA565 /* 首页 */ = {
			isa = PBXGroup;
			children = (
				9ABEC941249747F700DF2C1A /* 功能 */,
				9ADA4A3D2492146B00D3F2E8 /* 极端测试 */,
				9ADA4A2C2491FDCB00D3F2E8 /* 原生控件 */,
				9AD7A6BC2488CFF3000FA565 /* 首页页面 */,
			);
			path = "首页";
			sourceTree = "<group>";
		};
		9AD7A6BC2488CFF3000FA565 /* 首页页面 */ = {
			isa = PBXGroup;
			children = (
				9AD7A6BD2488D00B000FA565 /* Controller */,
			);
			path = "首页页面";
			sourceTree = "<group>";
		};
		9AD7A6BD2488D00B000FA565 /* Controller */ = {
			isa = PBXGroup;
			children = (
				9AD7A6C12488D056000FA565 /* MainViewController.h */,
				9AD7A6C22488D056000FA565 /* MainViewController.m */,
				9AC1714F248F69D000F3C594 /* TestZYKitViewController.h */,
				9AC17150248F69D000F3C594 /* TestZYKitViewController.m */,
				9ADA4A3A2492145100D3F2E8 /* TestExtremeViewController.h */,
				9ADA4A3B2492145200D3F2E8 /* TestExtremeViewController.m */,
				9ABEC93E2497476000DF2C1A /* TestSkillViewController.h */,
				9ABEC93F2497476000DF2C1A /* TestSkillViewController.m */,
			);
			path = Controller;
			sourceTree = "<group>";
		};
		9AD7A6C92488D1F2000FA565 /* ZYKit */ = {
			isa = PBXGroup;
			children = (
				9A818E68248A04F9003EC518 /* Components */,
				9A818E512489E695003EC518 /* Category */,
				9A818E502489E680003EC518 /* Util */,
			);
			path = ZYKit;
			sourceTree = "<group>";
		};
		9AD7A6E82488D25F000FA565 /* 应用 */ = {
			isa = PBXGroup;
			children = (
				9AD7A7012488D366000FA565 /* 应用页面 */,
			);
			path = "应用";
			sourceTree = "<group>";
		};
		9AD7A6E92488D26A000FA565 /* 我的 */ = {
			isa = PBXGroup;
			children = (
				9AD7A6EB2488D30E000FA565 /* 我的页面 */,
			);
			path = "我的";
			sourceTree = "<group>";
		};
		9AD7A6EA2488D271000FA565 /* 新闻 */ = {
			isa = PBXGroup;
			children = (
				9AD7A6F72488D35D000FA565 /* 新闻页面 */,
			);
			path = "新闻";
			sourceTree = "<group>";
		};
		9AD7A6EB2488D30E000FA565 /* 我的页面 */ = {
			isa = PBXGroup;
			children = (
				9AD7A6ED2488D30E000FA565 /* Controller */,
				9AD7A6F12488D30E000FA565 /* Model */,
				9AD7A6F22488D30E000FA565 /* View */,
			);
			path = "我的页面";
			sourceTree = "<group>";
		};
		9AD7A6ED2488D30E000FA565 /* Controller */ = {
			isa = PBXGroup;
			children = (
				9AD7A7132488D459000FA565 /* MineViewController.h */,
				9AD7A7142488D459000FA565 /* MineViewController.m */,
			);
			path = Controller;
			sourceTree = "<group>";
		};
		9AD7A6F12488D30E000FA565 /* Model */ = {
			isa = PBXGroup;
			children = (
			);
			path = Model;
			sourceTree = "<group>";
		};
		9AD7A6F22488D30E000FA565 /* View */ = {
			isa = PBXGroup;
			children = (
			);
			path = View;
			sourceTree = "<group>";
		};
		9AD7A6F72488D35D000FA565 /* 新闻页面 */ = {
			isa = PBXGroup;
			children = (
				9AD7A6F92488D35D000FA565 /* Controller */,
				9AD7A6FD2488D35D000FA565 /* Model */,
				9AD7A6FE2488D35D000FA565 /* View */,
			);
			path = "新闻页面";
			sourceTree = "<group>";
		};
		9AD7A6F92488D35D000FA565 /* Controller */ = {
			isa = PBXGroup;
			children = (
				9AD7A7182488D46F000FA565 /* NewsViewController.h */,
				9AD7A7192488D46F000FA565 /* NewsViewController.m */,
			);
			path = Controller;
			sourceTree = "<group>";
		};
		9AD7A6FD2488D35D000FA565 /* Model */ = {
			isa = PBXGroup;
			children = (
			);
			path = Model;
			sourceTree = "<group>";
		};
		9AD7A6FE2488D35D000FA565 /* View */ = {
			isa = PBXGroup;
			children = (
			);
			path = View;
			sourceTree = "<group>";
		};
		9AD7A7012488D366000FA565 /* 应用页面 */ = {
			isa = PBXGroup;
			children = (
				9AD7A7032488D366000FA565 /* Controller */,
				9AD7A7072488D366000FA565 /* Model */,
				9AD7A7082488D366000FA565 /* View */,
			);
			path = "应用页面";
			sourceTree = "<group>";
		};
		9AD7A7032488D366000FA565 /* Controller */ = {
			isa = PBXGroup;
			children = (
				9AD7A70B2488D3C7000FA565 /* AppViewController.h */,
				9AD7A70C2488D3C7000FA565 /* AppViewController.m */,
			);
			path = Controller;
			sourceTree = "<group>";
		};
		9AD7A7072488D366000FA565 /* Model */ = {
			isa = PBXGroup;
			children = (
			);
			path = Model;
			sourceTree = "<group>";
		};
		9AD7A7082488D366000FA565 /* View */ = {
			isa = PBXGroup;
			children = (
			);
			path = View;
			sourceTree = "<group>";
		};
		9AD7A7232488D5F1000FA565 /* Supporting Files */ = {
			isa = PBXGroup;
			children = (
				9AD7A66F2488C001000FA565 /* AppDelegate.h */,
				9AD7A6702488C001000FA565 /* AppDelegate.m */,
				9AD7A67B2488C003000FA565 /* Assets.xcassets */,
				9AD7A67D2488C003000FA565 /* LaunchScreen.storyboard */,
				9AD7A6802488C003000FA565 /* Info.plist */,
				9AD7A6812488C003000FA565 /* main.m */,
				9AD7A7262488D77A000FA565 /* Images.xcassets */,
				9AD7A72E2488E596000FA565 /* PrefixHeader.pch */,
			);
			path = "Supporting Files";
			sourceTree = "<group>";
		};
		9AD7A7552488F48A000FA565 /* Category */ = {
			isa = PBXGroup;
			children = (
				9A818E582489E844003EC518 /* UIViewController+BackButtonHandler */,
			);
			path = Category;
			sourceTree = "<group>";
		};
		9AD7A7562488F4A2000FA565 /* UIColor+ZYExtension */ = {
			isa = PBXGroup;
			children = (
				9AD7A7572488F4A2000FA565 /* UIColor+ZYExtension.h */,
				9AD7A7582488F4A2000FA565 /* UIColor+ZYExtension.m */,
			);
			path = "UIColor+ZYExtension";
			sourceTree = "<group>";
		};
		9AD7A75A2488F4A7000FA565 /* UIView+ZYExtension */ = {
			isa = PBXGroup;
			children = (
				9AD7A75B2488F4A7000FA565 /* UIView+ZYExtension.h */,
				9AD7A75C2488F4A7000FA565 /* UIView+ZYExtension.m */,
			);
			path = "UIView+ZYExtension";
			sourceTree = "<group>";
		};
		9ADA4A272491BE1D00D3F2E8 /* Api */ = {
			isa = PBXGroup;
			children = (
				9ADA4A282491BE3300D3F2E8 /* ApiMap.h */,
				9ADA4A292491BE3300D3F2E8 /* ApiMap.m */,
			);
			path = Api;
			sourceTree = "<group>";
		};
		9ADA4A2C2491FDCB00D3F2E8 /* 原生控件 */ = {
			isa = PBXGroup;
			children = (
				2D1DE275290919DD00F5EBFE /* TestNativeControlsViewController.h */,
				2D1DE276290919DD00F5EBFE /* TestNativeControlsViewController.m */,
				9ADA4A332492019E00D3F2E8 /* UITextField */,
				9ADA4A2E2491FDF400D3F2E8 /* UIView */,
			);
			path = "原生控件";
			sourceTree = "<group>";
		};
		9ADA4A2E2491FDF400D3F2E8 /* UIView */ = {
			isa = PBXGroup;
			children = (
				9ADA4A302491FE8800D3F2E8 /* UIViewDemoViewController.h */,
				9ADA4A312491FE8800D3F2E8 /* UIViewDemoViewController.m */,
			);
			path = UIView;
			sourceTree = "<group>";
		};
		9ADA4A332492019E00D3F2E8 /* UITextField */ = {
			isa = PBXGroup;
			children = (
				9ADA4A34249201CC00D3F2E8 /* UITextFieldDemoViewController.h */,
				9ADA4A35249201CC00D3F2E8 /* UITextFieldDemoViewController.m */,
			);
			path = UITextField;
			sourceTree = "<group>";
		};
		9ADA4A3D2492146B00D3F2E8 /* 极端测试 */ = {
			isa = PBXGroup;
			children = (
				9ADA4A3F2492154000D3F2E8 /* 超多按钮 */,
				9ADA4A3E2492153900D3F2E8 /* 超长标题 */,
			);
			path = "极端测试";
			sourceTree = "<group>";
		};
		9ADA4A3E2492153900D3F2E8 /* 超长标题 */ = {
			isa = PBXGroup;
			children = (
				9ADA4A412492159000D3F2E8 /* Controller */,
			);
			path = "超长标题";
			sourceTree = "<group>";
		};
		9ADA4A3F2492154000D3F2E8 /* 超多按钮 */ = {
			isa = PBXGroup;
			children = (
				9ADA4A402492154600D3F2E8 /* Controller */,
			);
			path = "超多按钮";
			sourceTree = "<group>";
		};
		9ADA4A402492154600D3F2E8 /* Controller */ = {
			isa = PBXGroup;
			children = (
				9ADA4A452492163000D3F2E8 /* TooMuchBarButtonItemViewController.h */,
				9ADA4A462492163000D3F2E8 /* TooMuchBarButtonItemViewController.m */,
			);
			path = Controller;
			sourceTree = "<group>";
		};
		9ADA4A412492159000D3F2E8 /* Controller */ = {
			isa = PBXGroup;
			children = (
				9ADA4A42249215CA00D3F2E8 /* TooLongTitleViewController.h */,
				9ADA4A43249215CA00D3F2E8 /* TooLongTitleViewController.m */,
			);
			path = Controller;
			sourceTree = "<group>";
		};
		B1777628E2B6FA833057D8F6 /* Pods */ = {
			isa = PBXGroup;
			children = (
				6EB90AEA2B53B12E58A9CF4C /* Pods-demo.debug.xcconfig */,
				6A4D366F5329253B8AF0328F /* Pods-demo.release.xcconfig */,
			);
			path = Pods;
			sourceTree = "<group>";
		};
		DC29BA72B075B0C945F3D03E /* Frameworks */ = {
			isa = PBXGroup;
			children = (
				163A46A48CB0374763FC98D0 /* libPods-demo.a */,
			);
			name = Frameworks;
			sourceTree = "<group>";
		};
/* End PBXGroup section */

/* Begin PBXNativeTarget section */
		9AD7A66B2488C001000FA565 /* demo */ = {
			isa = PBXNativeTarget;
			buildConfigurationList = 9AD7A69B2488C004000FA565 /* Build configuration list for PBXNativeTarget "demo" */;
			buildPhases = (
				0A25C5FC20E1E308C6632A07 /* [CP] Check Pods Manifest.lock */,
				9AD7A6682488C001000FA565 /* Sources */,
				9AD7A6692488C001000FA565 /* Frameworks */,
				9AD7A66A2488C001000FA565 /* Resources */,
				9E47A3CEE63E30C1383C0C09 /* [CP] Copy Pods Resources */,
			);
			buildRules = (
			);
			dependencies = (
			);
			name = demo;
			productName = demo;
			productReference = 9AD7A66C2488C001000FA565 /* demo.app */;
			productType = "com.apple.product-type.application";
		};
/* End PBXNativeTarget section */

/* Begin PBXProject section */
		9AD7A6642488C001000FA565 /* Project object */ = {
			isa = PBXProject;
			attributes = {
				LastUpgradeCheck = 1140;
				ORGANIZATIONNAME = objcat;
				TargetAttributes = {
					9AD7A66B2488C001000FA565 = {
						CreatedOnToolsVersion = 11.4;
					};
				};
			};
			buildConfigurationList = 9AD7A6672488C001000FA565 /* Build configuration list for PBXProject "demo" */;
			compatibilityVersion = "Xcode 9.3";
			developmentRegion = en;
			hasScannedForEncodings = 0;
			knownRegions = (
				en,
				Base,
			);
			mainGroup = 9AD7A6632488C001000FA565;
			productRefGroup = 9AD7A66D2488C001000FA565 /* Products */;
			projectDirPath = "";
			projectRoot = "";
			targets = (
				9AD7A66B2488C001000FA565 /* demo */,
			);
		};
/* End PBXProject section */

/* Begin PBXResourcesBuildPhase section */
		9AD7A66A2488C001000FA565 /* Resources */ = {
			isa = PBXResourcesBuildPhase;
			buildActionMask = 2147483647;
			files = (
				9A497D38248DF80600396DF7 /* EHTapTableViewCell.xib in Resources */,
				9AD7A7272488D77A000FA565 /* Images.xcassets in Resources */,
				9A497D45248DFE5C00396DF7 /* Mine.storyboard in Resources */,
				9AD7A67F2488C003000FA565 /* LaunchScreen.storyboard in Resources */,
				9A497D3A248DF80600396DF7 /* EHTextFieldTableViewCell.xib in Resources */,
				9A497D33248DF80600396DF7 /* EHPhoneNumberTableViewCell.xib in Resources */,
				9A497D41248DFE4900396DF7 /* App.storyboard in Resources */,
				9AD7A67C2488C003000FA565 /* Assets.xcassets in Resources */,
				9A497D43248DFE5400396DF7 /* News.storyboard in Resources */,
				9A497D30248DF80600396DF7 /* EHFormResources.bundle in Resources */,
				9AD7A67A2488C001000FA565 /* Main.storyboard in Resources */,
				9A497D37248DF80600396DF7 /* EHSwitchTableViewCell.xib in Resources */,
				9AD7A72D2488E26A000FA565 /* BaseTitleView.xib in Resources */,
				9A497D3D248DF80600396DF7 /* EHLabelTableViewCell.xib in Resources */,
			);
			runOnlyForDeploymentPostprocessing = 0;
		};
/* End PBXResourcesBuildPhase section */

/* Begin PBXShellScriptBuildPhase section */
		0A25C5FC20E1E308C6632A07 /* [CP] Check Pods Manifest.lock */ = {
			isa = PBXShellScriptBuildPhase;
			buildActionMask = 2147483647;
			files = (
			);
			inputFileListPaths = (
			);
			inputPaths = (
				"${PODS_PODFILE_DIR_PATH}/Podfile.lock",
				"${PODS_ROOT}/Manifest.lock",
			);
			name = "[CP] Check Pods Manifest.lock";
			outputFileListPaths = (
			);
			outputPaths = (
				"$(DERIVED_FILE_DIR)/Pods-demo-checkManifestLockResult.txt",
			);
			runOnlyForDeploymentPostprocessing = 0;
			shellPath = /bin/sh;
			shellScript = "diff \"${PODS_PODFILE_DIR_PATH}/Podfile.lock\" \"${PODS_ROOT}/Manifest.lock\" > /dev/null\nif [ $? != 0 ] ; then\n    # print error to STDERR\n    echo \"error: The sandbox is not in sync with the Podfile.lock. Run 'pod install' or update your CocoaPods installation.\" >&2\n    exit 1\nfi\n# This output is used by Xcode 'outputs' to avoid re-running this script phase.\necho \"SUCCESS\" > \"${SCRIPT_OUTPUT_FILE_0}\"\n";
			showEnvVarsInLog = 0;
		};
		9E47A3CEE63E30C1383C0C09 /* [CP] Copy Pods Resources */ = {
			isa = PBXShellScriptBuildPhase;
			buildActionMask = 2147483647;
			files = (
			);
			inputFileListPaths = (
				"${PODS_ROOT}/Target Support Files/Pods-demo/Pods-demo-resources-${CONFIGURATION}-input-files.xcfilelist",
			);
			name = "[CP] Copy Pods Resources";
			outputFileListPaths = (
				"${PODS_ROOT}/Target Support Files/Pods-demo/Pods-demo-resources-${CONFIGURATION}-output-files.xcfilelist",
			);
			runOnlyForDeploymentPostprocessing = 0;
			shellPath = /bin/sh;
			shellScript = "\"${PODS_ROOT}/Target Support Files/Pods-demo/Pods-demo-resources.sh\"\n";
			showEnvVarsInLog = 0;
		};
/* End PBXShellScriptBuildPhase section */

/* Begin PBXSourcesBuildPhase section */
		9AD7A6682488C001000FA565 /* Sources */ = {
			isa = PBXSourcesBuildPhase;
			buildActionMask = 2147483647;
			files = (
				9AD7A75D2488F4A7000FA565 /* UIView+ZYExtension.m in Sources */,
				9A497D31248DF80600396DF7 /* EHWhiteRowTableViewCell.m in Sources */,
				9A497D3B248DF80600396DF7 /* EHTextFieldTableViewCell.m in Sources */,
				9AB554A324A88ACE009B0127 /* StopPopGestureRecognizerViewController.m in Sources */,
				2D1DE277290919DD00F5EBFE /* TestNativeControlsViewController.m in Sources */,
				9AC0FD0224F7899C006FE6C6 /* ExitViewController.m in Sources */,
				9AD7A7122488D3EC000FA565 /* BaseViewController.m in Sources */,
				9ADA4A36249201CC00D3F2E8 /* UITextFieldDemoViewController.m in Sources */,
				9A497D36248DF80600396DF7 /* EHSwitchTableViewCell.m in Sources */,
				9AC17151248F69D000F3C594 /* TestZYKitViewController.m in Sources */,
				9A497D3E248DF80600396DF7 /* EHFormModel.m in Sources */,
				9AD7A6712488C001000FA565 /* AppDelegate.m in Sources */,
				9A818E472489E1FD003EC518 /* NSString+ZYExtension.m in Sources */,
				9ADA4A472492163000D3F2E8 /* TooMuchBarButtonItemViewController.m in Sources */,
				9AD7A7592488F4A2000FA565 /* UIColor+ZYExtension.m in Sources */,
				9AD7A7162488D459000FA565 /* MineViewController.m in Sources */,
				9A497D34248DF80600396DF7 /* EHButtonTableViewCell.m in Sources */,
				9AD7A6822488C003000FA565 /* main.m in Sources */,
				9A818E4F2489E494003EC518 /* NSDate+ZYExtension.m in Sources */,
				9A497D3C248DF80600396DF7 /* EHLabelTableViewCell.m in Sources */,
				9ADA4A44249215CA00D3F2E8 /* TooLongTitleViewController.m in Sources */,
				9A497D35248DF80600396DF7 /* EHFormTableViewCell.m in Sources */,
				9ADA4A322491FE8800D3F2E8 /* UIViewDemoViewController.m in Sources */,
				9AD7A72B2488E261000FA565 /* BaseTitleView.m in Sources */,
				9ABEC9452497482C00DF2C1A /* BackButtonHookViewController.m in Sources */,
				9A497D2F248DF80600396DF7 /* EHFormTableView.m in Sources */,
				9AD7A70E2488D3C7000FA565 /* AppViewController.m in Sources */,
				9AD7A71B2488D46F000FA565 /* NewsViewController.m in Sources */,
				9A818E572489E83E003EC518 /* UIViewController+BackButtonHandler.m in Sources */,
				9ABEC9402497476000DF2C1A /* TestSkillViewController.m in Sources */,
				9A497D39248DF80600396DF7 /* EHTapTableViewCell.m in Sources */,
				9AD7A7222488D523000FA565 /* BaseTabBarController.m in Sources */,
				9ADA4A3C2492145200D3F2E8 /* TestExtremeViewController.m in Sources */,
				9A818E5C2489ECD0003EC518 /* ZYUserDefaults.m in Sources */,
				9AD7A6C42488D056000FA565 /* MainViewController.m in Sources */,
				9A497D32248DF80600396DF7 /* EHPhoneNumberTableViewCell.m in Sources */,
				9AD7A6C82488D0D8000FA565 /* BaseNavigationController.m in Sources */,
				9ADA4A2A2491BE3300D3F2E8 /* ApiMap.m in Sources */,
			);
			runOnlyForDeploymentPostprocessing = 0;
		};
/* End PBXSourcesBuildPhase section */

/* Begin PBXVariantGroup section */
		9AD7A6782488C001000FA565 /* Main.storyboard */ = {
			isa = PBXVariantGroup;
			children = (
				9AD7A6792488C001000FA565 /* Base */,
			);
			name = Main.storyboard;
			sourceTree = "<group>";
		};
		9AD7A67D2488C003000FA565 /* LaunchScreen.storyboard */ = {
			isa = PBXVariantGroup;
			children = (
				9AD7A67E2488C003000FA565 /* Base */,
			);
			name = LaunchScreen.storyboard;
			sourceTree = "<group>";
		};
/* End PBXVariantGroup section */

/* Begin XCBuildConfiguration section */
		9AD7A6992488C004000FA565 /* Debug */ = {
			isa = XCBuildConfiguration;
			buildSettings = {
				ALWAYS_SEARCH_USER_PATHS = NO;
				CLANG_ANALYZER_NONNULL = YES;
				CLANG_ANALYZER_NUMBER_OBJECT_CONVERSION = YES_AGGRESSIVE;
				CLANG_CXX_LANGUAGE_STANDARD = "gnu++14";
				CLANG_CXX_LIBRARY = "libc++";
				CLANG_ENABLE_MODULES = YES;
				CLANG_ENABLE_OBJC_ARC = YES;
				CLANG_ENABLE_OBJC_WEAK = YES;
				CLANG_WARN_BLOCK_CAPTURE_AUTORELEASING = YES;
				CLANG_WARN_BOOL_CONVERSION = YES;
				CLANG_WARN_COMMA = YES;
				CLANG_WARN_CONSTANT_CONVERSION = YES;
				CLANG_WARN_DEPRECATED_OBJC_IMPLEMENTATIONS = YES;
				CLANG_WARN_DIRECT_OBJC_ISA_USAGE = YES_ERROR;
				CLANG_WARN_DOCUMENTATION_COMMENTS = YES;
				CLANG_WARN_EMPTY_BODY = YES;
				CLANG_WARN_ENUM_CONVERSION = YES;
				CLANG_WARN_INFINITE_RECURSION = YES;
				CLANG_WARN_INT_CONVERSION = YES;
				CLANG_WARN_NON_LITERAL_NULL_CONVERSION = YES;
				CLANG_WARN_OBJC_IMPLICIT_RETAIN_SELF = YES;
				CLANG_WARN_OBJC_LITERAL_CONVERSION = YES;
				CLANG_WARN_OBJC_ROOT_CLASS = YES_ERROR;
				CLANG_WARN_RANGE_LOOP_ANALYSIS = YES;
				CLANG_WARN_STRICT_PROTOTYPES = YES;
				CLANG_WARN_SUSPICIOUS_MOVE = YES;
				CLANG_WARN_UNGUARDED_AVAILABILITY = YES_AGGRESSIVE;
				CLANG_WARN_UNREACHABLE_CODE = YES;
				CLANG_WARN__DUPLICATE_METHOD_MATCH = YES;
				COPY_PHASE_STRIP = NO;
				DEBUG_INFORMATION_FORMAT = dwarf;
				ENABLE_STRICT_OBJC_MSGSEND = YES;
				ENABLE_TESTABILITY = YES;
				GCC_C_LANGUAGE_STANDARD = gnu11;
				GCC_DYNAMIC_NO_PIC = NO;
				GCC_NO_COMMON_BLOCKS = YES;
				GCC_OPTIMIZATION_LEVEL = 0;
				GCC_PREPROCESSOR_DEFINITIONS = (
					"DEBUG=1",
					"$(inherited)",
				);
				GCC_WARN_64_TO_32_BIT_CONVERSION = YES;
				GCC_WARN_ABOUT_RETURN_TYPE = YES_ERROR;
				GCC_WARN_UNDECLARED_SELECTOR = YES;
				GCC_WARN_UNINITIALIZED_AUTOS = YES_AGGRESSIVE;
				GCC_WARN_UNUSED_FUNCTION = YES;
				GCC_WARN_UNUSED_VARIABLE = YES;
				IPHONEOS_DEPLOYMENT_TARGET = 13.4;
				MTL_ENABLE_DEBUG_INFO = INCLUDE_SOURCE;
				MTL_FAST_MATH = YES;
				ONLY_ACTIVE_ARCH = YES;
				SDKROOT = iphoneos;
			};
			name = Debug;
		};
		9AD7A69A2488C004000FA565 /* Release */ = {
			isa = XCBuildConfiguration;
			buildSettings = {
				ALWAYS_SEARCH_USER_PATHS = NO;
				CLANG_ANALYZER_NONNULL = YES;
				CLANG_ANALYZER_NUMBER_OBJECT_CONVERSION = YES_AGGRESSIVE;
				CLANG_CXX_LANGUAGE_STANDARD = "gnu++14";
				CLANG_CXX_LIBRARY = "libc++";
				CLANG_ENABLE_MODULES = YES;
				CLANG_ENABLE_OBJC_ARC = YES;
				CLANG_ENABLE_OBJC_WEAK = YES;
				CLANG_WARN_BLOCK_CAPTURE_AUTORELEASING = YES;
				CLANG_WARN_BOOL_CONVERSION = YES;
				CLANG_WARN_COMMA = YES;
				CLANG_WARN_CONSTANT_CONVERSION = YES;
				CLANG_WARN_DEPRECATED_OBJC_IMPLEMENTATIONS = YES;
				CLANG_WARN_DIRECT_OBJC_ISA_USAGE = YES_ERROR;
				CLANG_WARN_DOCUMENTATION_COMMENTS = YES;
				CLANG_WARN_EMPTY_BODY = YES;
				CLANG_WARN_ENUM_CONVERSION = YES;
				CLANG_WARN_INFINITE_RECURSION = YES;
				CLANG_WARN_INT_CONVERSION = YES;
				CLANG_WARN_NON_LITERAL_NULL_CONVERSION = YES;
				CLANG_WARN_OBJC_IMPLICIT_RETAIN_SELF = YES;
				CLANG_WARN_OBJC_LITERAL_CONVERSION = YES;
				CLANG_WARN_OBJC_ROOT_CLASS = YES_ERROR;
				CLANG_WARN_RANGE_LOOP_ANALYSIS = YES;
				CLANG_WARN_STRICT_PROTOTYPES = YES;
				CLANG_WARN_SUSPICIOUS_MOVE = YES;
				CLANG_WARN_UNGUARDED_AVAILABILITY = YES_AGGRESSIVE;
				CLANG_WARN_UNREACHABLE_CODE = YES;
				CLANG_WARN__DUPLICATE_METHOD_MATCH = YES;
				COPY_PHASE_STRIP = NO;
				DEBUG_INFORMATION_FORMAT = "dwarf-with-dsym";
				ENABLE_NS_ASSERTIONS = NO;
				ENABLE_STRICT_OBJC_MSGSEND = YES;
				GCC_C_LANGUAGE_STANDARD = gnu11;
				GCC_NO_COMMON_BLOCKS = YES;
				GCC_WARN_64_TO_32_BIT_CONVERSION = YES;
				GCC_WARN_ABOUT_RETURN_TYPE = YES_ERROR;
				GCC_WARN_UNDECLARED_SELECTOR = YES;
				GCC_WARN_UNINITIALIZED_AUTOS = YES_AGGRESSIVE;
				GCC_WARN_UNUSED_FUNCTION = YES;
				GCC_WARN_UNUSED_VARIABLE = YES;
				IPHONEOS_DEPLOYMENT_TARGET = 13.4;
				MTL_ENABLE_DEBUG_INFO = NO;
				MTL_FAST_MATH = YES;
				SDKROOT = iphoneos;
				VALIDATE_PRODUCT = YES;
			};
			name = Release;
		};
		9AD7A69C2488C004000FA565 /* Debug */ = {
			isa = XCBuildConfiguration;
			baseConfigurationReference = 6EB90AEA2B53B12E58A9CF4C /* Pods-demo.debug.xcconfig */;
			buildSettings = {
				ASSETCATALOG_COMPILER_APPICON_NAME = AppIcon;
				CODE_SIGN_IDENTITY = "Apple Development";
				CODE_SIGN_STYLE = Automatic;
				DEVELOPMENT_TEAM = T2673VH33S;
				GCC_PREFIX_HEADER = "demo/Supporting Files/PrefixHeader.pch";
				INFOPLIST_FILE = "demo/Supporting Files/Info.plist";
				IPHONEOS_DEPLOYMENT_TARGET = 11.0;
				LD_RUNPATH_SEARCH_PATHS = (
					"$(inherited)",
					"@executable_path/Frameworks",
				);
				PRODUCT_BUNDLE_IDENTIFIER = com.baimao.demo.test;
				PRODUCT_NAME = "$(TARGET_NAME)";
				PROVISIONING_PROFILE_SPECIFIER = "";
				TARGETED_DEVICE_FAMILY = "1,2";
			};
			name = Debug;
		};
		9AD7A69D2488C004000FA565 /* Release */ = {
			isa = XCBuildConfiguration;
			baseConfigurationReference = 6A4D366F5329253B8AF0328F /* Pods-demo.release.xcconfig */;
			buildSettings = {
				ASSETCATALOG_COMPILER_APPICON_NAME = AppIcon;
				CODE_SIGN_IDENTITY = "Apple Development";
				CODE_SIGN_STYLE = Automatic;
				DEVELOPMENT_TEAM = T2673VH33S;
				GCC_PREFIX_HEADER = "demo/Supporting Files/PrefixHeader.pch";
				INFOPLIST_FILE = "demo/Supporting Files/Info.plist";
				IPHONEOS_DEPLOYMENT_TARGET = 11.0;
				LD_RUNPATH_SEARCH_PATHS = (
					"$(inherited)",
					"@executable_path/Frameworks",
				);
				PRODUCT_BUNDLE_IDENTIFIER = com.baimao.demo.test;
				PRODUCT_NAME = "$(TARGET_NAME)";
				PROVISIONING_PROFILE_SPECIFIER = "";
				TARGETED_DEVICE_FAMILY = "1,2";
			};
			name = Release;
		};
/* End XCBuildConfiguration section */

/* Begin XCConfigurationList section */
		9AD7A6672488C001000FA565 /* Build configuration list for PBXProject "demo" */ = {
			isa = XCConfigurationList;
			buildConfigurations = (
				9AD7A6992488C004000FA565 /* Debug */,
				9AD7A69A2488C004000FA565 /* Release */,
			);
			defaultConfigurationIsVisible = 0;
			defaultConfigurationName = Release;
		};
		9AD7A69B2488C004000FA565 /* Build configuration list for PBXNativeTarget "demo" */ = {
			isa = XCConfigurationList;
			buildConfigurations = (
				9AD7A69C2488C004000FA565 /* Debug */,
				9AD7A69D2488C004000FA565 /* Release */,
			);
			defaultConfigurationIsVisible = 0;
			defaultConfigurationName = Release;
		};
/* End XCConfigurationList section */
	};
	rootObject = 9AD7A6642488C001000FA565 /* Project object */;
}
